{
  "name": "visual",
  "requires": true,
  "lockfileVersion": 1,
  "dependencies": {
    "@types/geojson": {
      "version": "1.0.2",
      "resolved": "https://registry.npmjs.org/@types/geojson/-/geojson-1.0.2.tgz",
      "integrity": "sha1-sC0QqwKOKSisWSoFGqpJgaGUHQM=",
      "dev": true
    },
    "@types/jquery": {
      "version": "https://registry.npmjs.org/@types/jquery/-/jquery-2.0.41.tgz",
      "integrity": "sha1-uHugUQEfme2+WG2Plygud4bgGm0="
    },
    "@types/leaflet": {
      "version": "1.0.63",
      "resolved": "https://registry.npmjs.org/@types/leaflet/-/leaflet-1.0.63.tgz",
      "integrity": "sha512-VL5EzvxDEPUdpMLGHFcMrNihMRLRmnwnueLBLTatVEEut87huNhPGZ1X8dlg3vZW2iGGQHXIQrwuwohF2sYawA==",
      "dev": true,
      "requires": {
        "@types/geojson": "1.0.2"
      }
    },
    "@types/openlayers": {
      "version": "4.1.1",
      "resolved": "https://registry.npmjs.org/@types/openlayers/-/openlayers-4.1.1.tgz",
      "integrity": "sha512-EP5ljnzl31YQgPgFo9S7D/FJhtA8cNpHb6p15SxJ9+asz9ReOxznH4iqJdrHH2OLLE1MeKVjNtYcix5NFSQHZg==",
      "dev": true
    },
    "jquery": {
      "version": "https://registry.npmjs.org/jquery/-/jquery-3.2.1.tgz",
      "integrity": "sha1-XE2d5lKvbNCncBVKYxu6ErAVx4c="
    },
    "leaflet": {
      "version": "1.0.3",
      "resolved": "https://registry.npmjs.org/leaflet/-/leaflet-1.0.3.tgz",
      "integrity": "sha1-H0AbmLRcgZITTGyNaWhiU4BQB8g="
    }
  }
}
